<?xml version="1.0" encoding="utf-8"?>
<Project ToolsVersion="4.0" xmlns="http://schemas.microsoft.com/developer/msbuild/2003">
  <ItemGroup>
    <Filter Include="Fichiers de ressources">
      <UniqueIdentifier>{67DA6AB6-F800-4c08-8B7A-83BB121AAD01}</UniqueIdentifier>
      <Extensions>rc;ico;cur;bmp;dlg;rc2;rct;bin;rgs;gif;jpg;jpeg;jpe;resx;tiff;tif;png;wav;mfcribbon-ms</Extensions>
    </Filter>
  </ItemGroup>
  <ItemGroup>
    <ClCompile Include="dllmain.cpp" />
    <ClCompile Include="stdafx.cpp" />
    <ClCompile Include="..\..\..\..\..\code\ISO-8583\DTE\AccountIdentification1.cpp" />
    <ClCompile Include="..\..\..\..\..\code\ISO-8583\DTE\AccountIdentification2.cpp" />
    <ClCompile Include="..\..\..\..\..\code\ISO-8583\DTE\AcquiringInstitutionCountryCode.cpp" />
    <ClCompile Include="..\..\..\..\..\code\ISO-8583\DTE\AcquiringInstitutionIdentificationCode.cpp" />
    <ClCompile Include="..\..\..\..\..\code\ISO-8583\DTE\AdditionalAmounts.cpp" />
    <ClCompile Include="..\..\..\..\..\code\ISO-8583\DTE\AdditionalDataISO.cpp" />
    <ClCompile Include="..\..\..\..\..\code\ISO-8583\DTE\AdditionalDataNational.cpp" />
    <ClCompile Include="..\..\..\..\..\code\ISO-8583\DTE\AdditionalDataPrivate.cpp" />
    <ClCompile Include="..\..\..\..\..\code\ISO-8583\DTE\AdditionalResponseData.cpp" />
    <ClCompile Include="..\..\..\..\..\code\ISO-8583\DTE\AuthorizationIdentificationResponse.cpp" />
    <ClCompile Include="..\..\..\..\..\code\ISO-8583\DTE\AuthorizationIdentificationResponseLength.cpp" />
    <ClCompile Include="..\..\..\..\..\code\ISO-8583\DTE\BinaryTLV.cpp" />
    <ClCompile Include="..\..\..\..\..\code\ISO-8583\DTE\BinaryTLVs.cpp" />
    <ClCompile Include="..\..\..\..\..\code\ISO-8583\DTE\Bitmap.cpp" />
    <ClCompile Include="..\..\..\..\..\code\ISO-8583\DTE\CardAcceptorIdentificationCode.cpp" />
    <ClCompile Include="..\..\..\..\..\code\ISO-8583\DTE\CardAcceptorNameOrlocation.cpp" />
    <ClCompile Include="..\..\..\..\..\code\ISO-8583\DTE\CardAcceptorTerminalIdentification.cpp" />
    <ClCompile Include="..\..\..\..\..\code\ISO-8583\DTE\CardHolderBillingAmount.cpp" />
    <ClCompile Include="..\..\..\..\..\code\ISO-8583\DTE\CardHolderBillingConversionRate.cpp" />
    <ClCompile Include="..\..\..\..\..\code\ISO-8583\DTE\CardHolderBillingCurrencyCode.cpp" />
    <ClCompile Include="..\..\..\..\..\code\ISO-8583\DTE\CardIssuerReferenceData.cpp" />
    <ClCompile Include="..\..\..\..\..\code\ISO-8583\DTE\CardSequenceNumber.cpp" />
    <ClCompile Include="..\..\..\..\..\code\ISO-8583\DTE\Constructed.cpp" />
    <ClCompile Include="..\..\..\..\..\code\ISO-8583\DTE\DataElement.cpp" />
    <ClCompile Include="..\..\..\..\..\code\ISO-8583\DTE\Exception.cpp" />
    <ClCompile Include="..\..\..\..\..\code\ISO-8583\DTE\Field.cpp" />
    <ClCompile Include="..\..\..\..\..\code\ISO-8583\DTE\FileName.cpp" />
    <ClCompile Include="..\..\..\..\..\code\ISO-8583\DTE\ForwardingInstitutionCountryCode.cpp" />
    <ClCompile Include="..\..\..\..\..\code\ISO-8583\DTE\ForwardingInstitutionIdentificationCode.cpp" />
    <ClCompile Include="..\..\..\..\..\code\ISO-8583\DTE\MACField.cpp" />
    <ClCompile Include="..\..\..\..\..\code\ISO-8583\DTE\MerchantType.cpp" />
    <ClCompile Include="..\..\..\..\..\code\ISO-8583\DTE\NationalData.cpp" />
    <ClCompile Include="..\..\..\..\..\code\ISO-8583\DTE\NetworkInternationalIdentifier.cpp" />
    <ClCompile Include="..\..\..\..\..\code\ISO-8583\DTE\OriginalDataElements.cpp" />
    <ClCompile Include="..\..\..\..\..\code\ISO-8583\DTE\Payee.cpp" />
    <ClCompile Include="..\..\..\..\..\code\ISO-8583\DTE\PINData.cpp" />
    <ClCompile Include="..\..\..\..\..\code\ISO-8583\DTE\PointOfServiceConditionCode.cpp" />
    <ClCompile Include="..\..\..\..\..\code\ISO-8583\DTE\PointOfServiceEntryMode.cpp" />
    <ClCompile Include="..\..\..\..\..\code\ISO-8583\DTE\PointOfServicePINCaptureCode.cpp" />
    <ClCompile Include="..\..\..\..\..\code\ISO-8583\DTE\PrimaryAccountNumber.cpp" />
    <ClCompile Include="..\..\..\..\..\code\ISO-8583\DTE\PrimaryAccountNumberCountryCode.cpp" />
    <ClCompile Include="..\..\..\..\..\code\ISO-8583\DTE\PrimaryAccountNumberExtended.cpp" />
    <ClCompile Include="..\..\..\..\..\code\ISO-8583\DTE\ProcessingCode.cpp" />
    <ClCompile Include="..\..\..\..\..\code\ISO-8583\DTE\ReceivingInstitutionIdentificationCode.cpp" />
    <ClCompile Include="..\..\..\..\..\code\ISO-8583\DTE\ResponseCode.cpp" />
    <ClCompile Include="..\..\..\..\..\code\ISO-8583\DTE\RetrievalReferenceNumber.cpp" />
    <ClCompile Include="..\..\..\..\..\code\ISO-8583\DTE\SecurityRelatedControlInformation.cpp" />
    <ClCompile Include="..\..\..\..\..\code\ISO-8583\DTE\ServiceRestrictionCode.cpp" />
    <ClCompile Include="..\..\..\..\..\code\ISO-8583\DTE\SettlementAmount.cpp" />
    <ClCompile Include="..\..\..\..\..\code\ISO-8583\DTE\SettlementConversionRate.cpp" />
    <ClCompile Include="..\..\..\..\..\code\ISO-8583\DTE\SettlementCurrencyCode.cpp" />
    <ClCompile Include="..\..\..\..\..\code\ISO-8583\DTE\SettlementFeeAmount.cpp" />
    <ClCompile Include="..\..\..\..\..\code\ISO-8583\DTE\SettlementInstitutionIdentificationCode.cpp" />
    <ClCompile Include="..\..\..\..\..\code\ISO-8583\DTE\SettlementProcessingFeeAmount.cpp" />
    <ClCompile Include="..\..\..\..\..\code\ISO-8583\DTE\SystemsTraceAuditNumber.cpp" />
    <ClCompile Include="..\..\..\..\..\code\ISO-8583\DTE\Tag.cpp" />
    <ClCompile Include="..\..\..\..\..\code\ISO-8583\DTE\TLV.cpp" />
    <ClCompile Include="..\..\..\..\..\code\ISO-8583\DTE\Track1Data.cpp" />
    <ClCompile Include="..\..\..\..\..\code\ISO-8583\DTE\Track2Data.cpp" />
    <ClCompile Include="..\..\..\..\..\code\ISO-8583\DTE\Track3Data.cpp" />
    <ClCompile Include="..\..\..\..\..\code\ISO-8583\DTE\TransactionAmount.cpp" />
    <ClCompile Include="..\..\..\..\..\code\ISO-8583\DTE\TransactionCurrencyCode.cpp" />
    <ClCompile Include="..\..\..\..\..\code\ISO-8583\DTE\TransactionFeeAmount.cpp" />
    <ClCompile Include="..\..\..\..\..\code\ISO-8583\DTE\TransactionLocalDate.cpp" />
    <ClCompile Include="..\..\..\..\..\code\ISO-8583\DTE\TransactionLocalTime.cpp" />
    <ClCompile Include="..\..\..\..\..\code\ISO-8583\DTE\TransactionProcessingFeeAmount.cpp" />
    <ClCompile Include="..\..\..\..\..\code\ISO-8583\DTE\TransactionProcessingFeeAmout.cpp" />
    <ClCompile Include="..\..\..\..\..\code\ISO-8583\DTE\TransmissionDateAndTime.cpp" />
    <ClCompile Include="..\..\..\..\..\code\ISO-8583\DTE\CardHolderBillingFeeAmount.cpp" />
    <ClCompile Include="..\..\..\..\..\code\ISO-8583\DTE\ExpirationDate.cpp" />
    <ClCompile Include="..\..\..\..\..\code\ISO-8583\DTE\CaptureDate.cpp" />
    <ClCompile Include="..\..\..\..\..\code\ISO-8583\DTE\ConversionDate.cpp" />
    <ClCompile Include="..\..\..\..\..\code\ISO-8583\DTE\SettlementDate.cpp" />
  </ItemGroup>
  <ItemGroup>
    <ClInclude Include="stdafx.h" />
    <ClInclude Include="targetver.h" />
    <ClInclude Include="..\..\..\..\..\inc\ISO-8583\DTE\AccountIdentification1.h" />
    <ClInclude Include="..\..\..\..\..\inc\ISO-8583\DTE\AccountIdentification2.h" />
    <ClInclude Include="..\..\..\..\..\inc\ISO-8583\DTE\AcquiringInstitutionCountryCode.h" />
    <ClInclude Include="..\..\..\..\..\inc\ISO-8583\DTE\AcquiringInstitutionIdentificationCode.h" />
    <ClInclude Include="..\..\..\..\..\inc\ISO-8583\DTE\AdditionalAmounts.h" />
    <ClInclude Include="..\..\..\..\..\inc\ISO-8583\DTE\AdditionalDataISO.h" />
    <ClInclude Include="..\..\..\..\..\inc\ISO-8583\DTE\AdditionalDataNational.h" />
    <ClInclude Include="..\..\..\..\..\inc\ISO-8583\DTE\AdditionalDataPrivate.h" />
    <ClInclude Include="..\..\..\..\..\inc\ISO-8583\DTE\AdditionalResponseData.h" />
    <ClInclude Include="..\..\..\..\..\inc\ISO-8583\DTE\AuthorizationIdentificationResponse.h" />
    <ClInclude Include="..\..\..\..\..\inc\ISO-8583\DTE\AuthorizationIdentificationResponseLength.h" />
    <ClInclude Include="..\..\..\..\..\inc\ISO-8583\DTE\BinaryTLV.h" />
    <ClInclude Include="..\..\..\..\..\inc\ISO-8583\DTE\BinaryTLVs.h" />
    <ClInclude Include="..\..\..\..\..\inc\ISO-8583\DTE\Bitmap.h" />
    <ClInclude Include="..\..\..\..\..\inc\ISO-8583\DTE\CardAcceptorIdentificationCode.h" />
    <ClInclude Include="..\..\..\..\..\inc\ISO-8583\DTE\CardAcceptorNameOrlocation.h" />
    <ClInclude Include="..\..\..\..\..\inc\ISO-8583\DTE\CardAcceptorTerminalIdentification.h" />
    <ClInclude Include="..\..\..\..\..\inc\ISO-8583\DTE\CardHolderBillingAmount.h" />
    <ClInclude Include="..\..\..\..\..\inc\ISO-8583\DTE\CardHolderBillingConversionRate.h" />
    <ClInclude Include="..\..\..\..\..\inc\ISO-8583\DTE\CardHolderBillingCurrencyCode.h" />
    <ClInclude Include="..\..\..\..\..\inc\ISO-8583\DTE\CardIssuerReferenceData.h" />
    <ClInclude Include="..\..\..\..\..\inc\ISO-8583\DTE\CardSequenceNumber.h" />
    <ClInclude Include="..\..\..\..\..\inc\ISO-8583\DTE\Constructed.h" />
    <ClInclude Include="..\..\..\..\..\inc\ISO-8583\DTE\DataElement.h" />
    <ClInclude Include="..\..\..\..\..\inc\ISO-8583\DTE\Exception.h" />
    <ClInclude Include="..\..\..\..\..\inc\ISO-8583\DTE\Field.h" />
    <ClInclude Include="..\..\..\..\..\inc\ISO-8583\DTE\FileName.h" />
    <ClInclude Include="..\..\..\..\..\inc\ISO-8583\DTE\ForwardingInstitutionCountryCode.h" />
    <ClInclude Include="..\..\..\..\..\inc\ISO-8583\DTE\ForwardingInstitutionIdentificationCode.h" />
    <ClInclude Include="..\..\..\..\..\inc\ISO-8583\DTE\MACField.h" />
    <ClInclude Include="..\..\..\..\..\inc\ISO-8583\DTE\MerchantType.h" />
    <ClInclude Include="..\..\..\..\..\inc\ISO-8583\DTE\NationalData.h" />
    <ClInclude Include="..\..\..\..\..\inc\ISO-8583\DTE\NetworkInternationalIdentifier.h" />
    <ClInclude Include="..\..\..\..\..\inc\ISO-8583\DTE\OriginalDataElements.h" />
    <ClInclude Include="..\..\..\..\..\inc\ISO-8583\DTE\Payee.h" />
    <ClInclude Include="..\..\..\..\..\inc\ISO-8583\DTE\PINData.h" />
    <ClInclude Include="..\..\..\..\..\inc\ISO-8583\DTE\PointOfServiceConditionCode.h" />
    <ClInclude Include="..\..\..\..\..\inc\ISO-8583\DTE\PointOfServiceEntryMode.h" />
    <ClInclude Include="..\..\..\..\..\inc\ISO-8583\DTE\PointOfServicePINCaptureCode.h" />
    <ClInclude Include="..\..\..\..\..\inc\ISO-8583\DTE\PrimaryAccountNumber.h" />
    <ClInclude Include="..\..\..\..\..\inc\ISO-8583\DTE\PrimaryAccountNumberCountryCode.h" />
    <ClInclude Include="..\..\..\..\..\inc\ISO-8583\DTE\PrimaryAccountNumberExtended.h" />
    <ClInclude Include="..\..\..\..\..\inc\ISO-8583\DTE\ProcessingCode.h" />
    <ClInclude Include="..\..\..\..\..\inc\ISO-8583\DTE\ReceivingInstitutionIdentificationCode.h" />
    <ClInclude Include="..\..\..\..\..\inc\ISO-8583\DTE\ResponseCode.h" />
    <ClInclude Include="..\..\..\..\..\inc\ISO-8583\DTE\RetrievalReferenceNumber.h" />
    <ClInclude Include="..\..\..\..\..\inc\ISO-8583\DTE\SecurityRelatedControlInformation.h" />
    <ClInclude Include="..\..\..\..\..\inc\ISO-8583\DTE\ServiceRestrictionCode.h" />
    <ClInclude Include="..\..\..\..\..\inc\ISO-8583\DTE\SettlementAmount.h" />
    <ClInclude Include="..\..\..\..\..\inc\ISO-8583\DTE\SettlementConversionRate.h" />
    <ClInclude Include="..\..\..\..\..\inc\ISO-8583\DTE\SettlementCurrencyCode.h" />
    <ClInclude Include="..\..\..\..\..\inc\ISO-8583\DTE\SettlementFeeAmount.h" />
    <ClInclude Include="..\..\..\..\..\inc\ISO-8583\DTE\SettlementInstitutionIdentificationCode.h" />
    <ClInclude Include="..\..\..\..\..\inc\ISO-8583\DTE\SettlementProcessingFeeAmount.h" />
    <ClInclude Include="..\..\..\..\..\inc\ISO-8583\DTE\SystemsTraceAuditNumber.h" />
    <ClInclude Include="..\..\..\..\..\inc\ISO-8583\DTE\Tag.h" />
    <ClInclude Include="..\..\..\..\..\inc\ISO-8583\DTE\TLV.h" />
    <ClInclude Include="..\..\..\..\..\inc\ISO-8583\DTE\Track1Data.h" />
    <ClInclude Include="..\..\..\..\..\inc\ISO-8583\DTE\Track2Data.h" />
    <ClInclude Include="..\..\..\..\..\inc\ISO-8583\DTE\Track3Data.h" />
    <ClInclude Include="..\..\..\..\..\inc\ISO-8583\DTE\TransactionAmount.h" />
    <ClInclude Include="..\..\..\..\..\inc\ISO-8583\DTE\TransactionCurrencyCode.h" />
    <ClInclude Include="..\..\..\..\..\inc\ISO-8583\DTE\TransactionFeeAmount.h" />
    <ClInclude Include="..\..\..\..\..\inc\ISO-8583\DTE\TransactionLocalDate.h" />
    <ClInclude Include="..\..\..\..\..\inc\ISO-8583\DTE\TransactionLocalTime.h" />
    <ClInclude Include="..\..\..\..\..\inc\ISO-8583\DTE\TransactionProcessingFeeAmount.h" />
    <ClInclude Include="..\..\..\..\..\inc\ISO-8583\DTE\TransactionProcessingFeeAmout.h" />
    <ClInclude Include="..\..\..\..\..\inc\ISO-8583\DTE\TransmissionDateAndTime.h" />
    <ClInclude Include="..\..\..\..\..\inc\ISO-8583\DTE\CardHolderBillingFeeAmount.h" />
    <ClInclude Include="..\..\..\..\..\inc\ISO-8583\DTE\ExpirationDate.h" />
    <ClInclude Include="..\..\..\..\..\inc\ISO-8583\DTE\CaptureDate.h" />
    <ClInclude Include="..\..\..\..\..\inc\ISO-8583\DTE\ConversionDate.h" />
    <ClInclude Include="..\..\..\..\..\inc\ISO-8583\DTE\SettlementDate.h" />
  </ItemGroup>
</Project>