
Microsoft Visual Studio Solution File, Format Version 12.00
# Visual Studio Express 2013 for Windows Desktop
VisualStudioVersion = 12.0.40629.0
MinimumVisualStudioVersion = 10.0.40219.1
Project("{2150E333-8FDC-42A3-9474-1A3956D46DE8}") = "code", "code", "{96475BBE-3182-421D-B7F4-8FDD17E5C659}"
EndProject
Project("{2150E333-8FDC-42A3-9474-1A3956D46DE8}") = "ISO-8583", "ISO-8583", "{AE50D11C-6E80-40B8-BFFF-29B9E5CE859E}"
EndProject
Project("{2150E333-8FDC-42A3-9474-1A3956D46DE8}") = "DTE", "DTE", "{A00EF129-15FD-4C07-B3FB-A0EF883EB111}"
EndProject
Project("{2150E333-8FDC-42A3-9474-1A3956D46DE8}") = "DTT", "DTT", "{4F21B54A-1147-4763-8CF2-855A057FCA4F}"
EndProject
Project("{2150E333-8FDC-42A3-9474-1A3956D46DE8}") = "perf", "perf", "{F9D459F6-2798-4927-83DE-300713194E04}"
EndProject
Project("{2150E333-8FDC-42A3-9474-1A3956D46DE8}") = "1987", "1987", "{A3759743-40AA-45DA-9602-DBAE0A1EB290}"
EndProject
Project("{2150E333-8FDC-42A3-9474-1A3956D46DE8}") = "MSG", "MSG", "{99404866-94CF-461A-AA8C-69C6CA89E4E1}"
EndProject
Project("{2150E333-8FDC-42A3-9474-1A3956D46DE8}") = "1987", "1987", "{ECC9A58E-A553-4060-AC1C-F3091BDA6EC9}"
EndProject
Project("{2150E333-8FDC-42A3-9474-1A3956D46DE8}") = "Solution Items", "Solution Items", "{4E901B0A-C187-4C03-BB43-741703300A15}"
	ProjectSection(SolutionItems) = preProject
		..\..\.gitattributes = ..\..\.gitattributes
		..\..\.gitignore = ..\..\.gitignore
		..\..\.travis.yml = ..\..\.travis.yml
		..\..\appveyor.yml = ..\..\appveyor.yml
		solution.props = solution.props
	EndProjectSection
EndProject
Project("{2150E333-8FDC-42A3-9474-1A3956D46DE8}") = "SRV", "SRV", "{D8945808-F124-434B-B240-B957B900100B}"
EndProject
Project("{2150E333-8FDC-42A3-9474-1A3956D46DE8}") = "CLI", "CLI", "{E6AEACDF-B06F-417E-AE92-2093C601B57E}"
EndProject
Project("{2150E333-8FDC-42A3-9474-1A3956D46DE8}") = "DFT", "DFT", "{B0861DBD-80C8-44AA-A224-AC18A04FE3CF}"
EndProject
Project("{2150E333-8FDC-42A3-9474-1A3956D46DE8}") = "1987", "1987", "{C07ABB51-D642-4C23-865F-C376A5AFFB3D}"
EndProject
Project("{2150E333-8FDC-42A3-9474-1A3956D46DE8}") = "1987", "1987", "{420F1C4D-4B27-480F-A9DD-72861A09A782}"
EndProject
Project("{8BC9CEB8-8B4A-11D0-8D11-00A0C91BC942}") = "ISO-8583-MSG-1987", "code\ISO-8583\MSG\1987\ISO-8583-MSG-1987.vcxproj", "{EE854C6B-4290-4362-8C66-CB558BB86C82}"
	ProjectSection(ProjectDependencies) = postProject
		{1ED1329E-E5DE-41D6-9D6B-D1F07F50016B} = {1ED1329E-E5DE-41D6-9D6B-D1F07F50016B}
	EndProjectSection
EndProject
Project("{8BC9CEB8-8B4A-11D0-8D11-00A0C91BC942}") = "ISO-8583-DTE-1987", "code\ISO-8583\DTE\1987\ISO-8583-DTE-1987.vcxproj", "{1ED1329E-E5DE-41D6-9D6B-D1F07F50016B}"
	ProjectSection(ProjectDependencies) = postProject
		{9EDB6A2C-35E2-488E-A32E-375D07F07FBD} = {9EDB6A2C-35E2-488E-A32E-375D07F07FBD}
	EndProjectSection
EndProject
Project("{8BC9CEB8-8B4A-11D0-8D11-00A0C91BC942}") = "ISO-8583-DFT-1987", "code\ISO-8583\DFT\1987\ISO-8583-DFT-1987.vcxproj", "{B352BE24-F18B-43D9-944B-F957F35095A6}"
	ProjectSection(ProjectDependencies) = postProject
		{EE854C6B-4290-4362-8C66-CB558BB86C82} = {EE854C6B-4290-4362-8C66-CB558BB86C82}
	EndProjectSection
EndProject
Project("{2150E333-8FDC-42A3-9474-1A3956D46DE8}") = "1987", "1987", "{E75340C5-C4A5-4AB3-B1B6-EF1EBFFF5D46}"
EndProject
Project("{8BC9CEB8-8B4A-11D0-8D11-00A0C91BC942}") = "ISO-8583-CLI-1987", "code\ISO-8583\CLI\1987\ISO-8583-CLI-1987.vcxproj", "{4E248A4B-501F-4663-BC23-303C1F9DBC56}"
	ProjectSection(ProjectDependencies) = postProject
		{B352BE24-F18B-43D9-944B-F957F35095A6} = {B352BE24-F18B-43D9-944B-F957F35095A6}
		{EE854C6B-4290-4362-8C66-CB558BB86C82} = {EE854C6B-4290-4362-8C66-CB558BB86C82}
	EndProjectSection
EndProject
Project("{8BC9CEB8-8B4A-11D0-8D11-00A0C91BC942}") = "ISO-8583-DTT", "code\ISO-8583\DTT\ISO-8583-DTT.vcxproj", "{9EDB6A2C-35E2-488E-A32E-375D07F07FBD}"
EndProject
Project("{8BC9CEB8-8B4A-11D0-8D11-00A0C91BC942}") = "ISO-8583-SRV-1987", "code\ISO-8583\SRV\1987\ISO-8583-SRV-1987.vcxproj", "{E2BCB5D6-C9BA-4F7E-9C06-E6059046FCE8}"
	ProjectSection(ProjectDependencies) = postProject
		{EE854C6B-4290-4362-8C66-CB558BB86C82} = {EE854C6B-4290-4362-8C66-CB558BB86C82}
		{1ED1329E-E5DE-41D6-9D6B-D1F07F50016B} = {1ED1329E-E5DE-41D6-9D6B-D1F07F50016B}
	EndProjectSection
EndProject
Project("{2150E333-8FDC-42A3-9474-1A3956D46DE8}") = "1993", "1993", "{1E0C8277-1578-4B8D-AD03-E94002C59E58}"
EndProject
Project("{2150E333-8FDC-42A3-9474-1A3956D46DE8}") = "2003", "2003", "{585C9C80-A8DA-46AB-A8DF-B84D72372FEA}"
	ProjectSection(SolutionItems) = preProject
		..\code\ISO-8583\DTE\EffectiveDate.cpp = ..\code\ISO-8583\DTE\EffectiveDate.cpp
		..\code\ISO-8583\DTE\NetReconciliationAmount.cpp = ..\code\ISO-8583\DTE\NetReconciliationAmount.cpp
		..\code\ISO-8583\DTE\OriginalFeesAmounts.cpp = ..\code\ISO-8583\DTE\OriginalFeesAmounts.cpp
		..\code\ISO-8583\DTE\ReconciliationDate.cpp = ..\code\ISO-8583\DTE\ReconciliationDate.cpp
	EndProjectSection
EndProject
Project("{8BC9CEB8-8B4A-11D0-8D11-00A0C91BC942}") = "ISO-8583-DTE-1993", "code\ISO-8583\DTE\1993\ISO-8583-DTE-1993.vcxproj", "{9761A6BD-CEAB-4986-B876-9D9496F4A9B7}"
	ProjectSection(ProjectDependencies) = postProject
		{9EDB6A2C-35E2-488E-A32E-375D07F07FBD} = {9EDB6A2C-35E2-488E-A32E-375D07F07FBD}
	EndProjectSection
EndProject
Project("{8BC9CEB8-8B4A-11D0-8D11-00A0C91BC942}") = "ISO-8583-DTE-2003", "code\ISO-8583\DTE\2003\ISO-8583-DTE-2003.vcxproj", "{54C4AFD4-8D42-4540-8118-C0DAB6ED3292}"
	ProjectSection(ProjectDependencies) = postProject
		{9EDB6A2C-35E2-488E-A32E-375D07F07FBD} = {9EDB6A2C-35E2-488E-A32E-375D07F07FBD}
	EndProjectSection
EndProject
Project("{2150E333-8FDC-42A3-9474-1A3956D46DE8}") = "1993", "1993", "{600D0A07-2E75-42AF-8695-6531BB6A3957}"
EndProject
Project("{2150E333-8FDC-42A3-9474-1A3956D46DE8}") = "2003", "2003", "{5C32FF13-ED51-4D42-8207-1361DA852DDC}"
EndProject
Project("{8BC9CEB8-8B4A-11D0-8D11-00A0C91BC942}") = "ISO-8583-MSG-1993", "code\ISO-8583\MSG\1993\ISO-8583-MSG-1993.vcxproj", "{38786B59-BCB2-464F-BEB5-57DE9F582103}"
EndProject
Project("{2150E333-8FDC-42A3-9474-1A3956D46DE8}") = "test", "test", "{1B118262-446D-4DB8-9292-69B32061C477}"
EndProject
Project("{2150E333-8FDC-42A3-9474-1A3956D46DE8}") = "ISO-8583", "ISO-8583", "{86C63BA9-E15B-4E8D-82F1-526C9152B28F}"
EndProject
Project("{2150E333-8FDC-42A3-9474-1A3956D46DE8}") = "DTT", "DTT", "{7F67EE75-D0EF-4946-A99B-93E540BEE8B6}"
EndProject
Project("{2150E333-8FDC-42A3-9474-1A3956D46DE8}") = "DTE", "DTE", "{BCA17F46-CD66-4E7F-B934-B23F40375D19}"
EndProject
Project("{2150E333-8FDC-42A3-9474-1A3956D46DE8}") = "MSG", "MSG", "{DD0F521C-1B81-48B6-8AF7-C17A1B6AC7AB}"
EndProject
Project("{2150E333-8FDC-42A3-9474-1A3956D46DE8}") = "1987", "1987", "{9F61ED17-52A7-4E21-988A-6015F94A3D33}"
EndProject
Project("{2150E333-8FDC-42A3-9474-1A3956D46DE8}") = "1993", "1993", "{A80CEF0D-8163-4993-B37E-BA5F59498A52}"
EndProject
Project("{2150E333-8FDC-42A3-9474-1A3956D46DE8}") = "2003", "2003", "{090EA6F2-C7E8-4DAC-A1B2-2C503D285CC9}"
EndProject
Project("{2150E333-8FDC-42A3-9474-1A3956D46DE8}") = "1987", "1987", "{9507EA9C-EC5F-49A8-A4A6-BC8A28835E64}"
EndProject
Project("{2150E333-8FDC-42A3-9474-1A3956D46DE8}") = "1993", "1993", "{98023192-281A-4622-9BC9-6D0C3C452D63}"
EndProject
Project("{2150E333-8FDC-42A3-9474-1A3956D46DE8}") = "2003", "2003", "{AFF910A0-8BE3-4C9B-97D0-134B76733552}"
EndProject
Project("{8BC9CEB8-8B4A-11D0-8D11-00A0C91BC942}") = "ISO-8583-DTE-1987-Test", "test\ISO-8583\DTE\1987\ISO-8583-DTE-1987-Test.vcxproj", "{6FB41195-D32A-487E-935D-BB245B3423B0}"
	ProjectSection(ProjectDependencies) = postProject
		{1ED1329E-E5DE-41D6-9D6B-D1F07F50016B} = {1ED1329E-E5DE-41D6-9D6B-D1F07F50016B}
	EndProjectSection
EndProject
Project("{8BC9CEB8-8B4A-11D0-8D11-00A0C91BC942}") = "ISO-8583-DTT-Test", "test\ISO-8583\DTT\ISO-8583-DTT-Test.vcxproj", "{351B8C65-C5E7-4B3E-8F2D-F5513A358BBA}"
	ProjectSection(ProjectDependencies) = postProject
		{9EDB6A2C-35E2-488E-A32E-375D07F07FBD} = {9EDB6A2C-35E2-488E-A32E-375D07F07FBD}
		{1ED1329E-E5DE-41D6-9D6B-D1F07F50016B} = {1ED1329E-E5DE-41D6-9D6B-D1F07F50016B}
		{9761A6BD-CEAB-4986-B876-9D9496F4A9B7} = {9761A6BD-CEAB-4986-B876-9D9496F4A9B7}
		{54C4AFD4-8D42-4540-8118-C0DAB6ED3292} = {54C4AFD4-8D42-4540-8118-C0DAB6ED3292}
	EndProjectSection
EndProject
Project("{8BC9CEB8-8B4A-11D0-8D11-00A0C91BC942}") = "ISO-8583-MSG-1987-Test", "test\ISO-8583\MSG\1987\ISO-8583-MSG-1987-Test.vcxproj", "{890F94D7-FC1E-47A4-BB71-F51E534BFF8A}"
	ProjectSection(ProjectDependencies) = postProject
		{B352BE24-F18B-43D9-944B-F957F35095A6} = {B352BE24-F18B-43D9-944B-F957F35095A6}
		{EE854C6B-4290-4362-8C66-CB558BB86C82} = {EE854C6B-4290-4362-8C66-CB558BB86C82}
	EndProjectSection
EndProject
Project("{2150E333-8FDC-42A3-9474-1A3956D46DE8}") = "CLI", "CLI", "{B8194882-AD56-46F7-BF37-0AD1DA128371}"
EndProject
Project("{2150E333-8FDC-42A3-9474-1A3956D46DE8}") = "SRV", "SRV", "{21B7F9BD-F8E8-419F-BA7A-782029666BB6}"
EndProject
Project("{2150E333-8FDC-42A3-9474-1A3956D46DE8}") = "1987", "1987", "{AF06BD36-13E5-45DF-ADBF-977D89C5936D}"
EndProject
Global
	GlobalSection(SolutionConfigurationPlatforms) = preSolution
		Debug|Win32 = Debug|Win32
		Release|Win32 = Release|Win32
	EndGlobalSection
	GlobalSection(ProjectConfigurationPlatforms) = postSolution
		{EE854C6B-4290-4362-8C66-CB558BB86C82}.Debug|Win32.ActiveCfg = Debug|Win32
		{EE854C6B-4290-4362-8C66-CB558BB86C82}.Debug|Win32.Build.0 = Debug|Win32
		{EE854C6B-4290-4362-8C66-CB558BB86C82}.Release|Win32.ActiveCfg = Release|Win32
		{EE854C6B-4290-4362-8C66-CB558BB86C82}.Release|Win32.Build.0 = Release|Win32
		{1ED1329E-E5DE-41D6-9D6B-D1F07F50016B}.Debug|Win32.ActiveCfg = Debug|Win32
		{1ED1329E-E5DE-41D6-9D6B-D1F07F50016B}.Debug|Win32.Build.0 = Debug|Win32
		{1ED1329E-E5DE-41D6-9D6B-D1F07F50016B}.Release|Win32.ActiveCfg = Release|Win32
		{1ED1329E-E5DE-41D6-9D6B-D1F07F50016B}.Release|Win32.Build.0 = Release|Win32
		{B352BE24-F18B-43D9-944B-F957F35095A6}.Debug|Win32.ActiveCfg = Debug|Win32
		{B352BE24-F18B-43D9-944B-F957F35095A6}.Debug|Win32.Build.0 = Debug|Win32
		{B352BE24-F18B-43D9-944B-F957F35095A6}.Release|Win32.ActiveCfg = Release|Win32
		{B352BE24-F18B-43D9-944B-F957F35095A6}.Release|Win32.Build.0 = Release|Win32
		{4E248A4B-501F-4663-BC23-303C1F9DBC56}.Debug|Win32.ActiveCfg = Debug|Win32
		{4E248A4B-501F-4663-BC23-303C1F9DBC56}.Debug|Win32.Build.0 = Debug|Win32
		{4E248A4B-501F-4663-BC23-303C1F9DBC56}.Release|Win32.ActiveCfg = Release|Win32
		{4E248A4B-501F-4663-BC23-303C1F9DBC56}.Release|Win32.Build.0 = Release|Win32
		{9EDB6A2C-35E2-488E-A32E-375D07F07FBD}.Debug|Win32.ActiveCfg = Debug|Win32
		{9EDB6A2C-35E2-488E-A32E-375D07F07FBD}.Debug|Win32.Build.0 = Debug|Win32
		{9EDB6A2C-35E2-488E-A32E-375D07F07FBD}.Release|Win32.ActiveCfg = Release|Win32
		{9EDB6A2C-35E2-488E-A32E-375D07F07FBD}.Release|Win32.Build.0 = Release|Win32
		{E2BCB5D6-C9BA-4F7E-9C06-E6059046FCE8}.Debug|Win32.ActiveCfg = Debug|Win32
		{E2BCB5D6-C9BA-4F7E-9C06-E6059046FCE8}.Debug|Win32.Build.0 = Debug|Win32
		{E2BCB5D6-C9BA-4F7E-9C06-E6059046FCE8}.Release|Win32.ActiveCfg = Release|Win32
		{E2BCB5D6-C9BA-4F7E-9C06-E6059046FCE8}.Release|Win32.Build.0 = Release|Win32
		{9761A6BD-CEAB-4986-B876-9D9496F4A9B7}.Debug|Win32.ActiveCfg = Debug|Win32
		{9761A6BD-CEAB-4986-B876-9D9496F4A9B7}.Debug|Win32.Build.0 = Debug|Win32
		{9761A6BD-CEAB-4986-B876-9D9496F4A9B7}.Release|Win32.ActiveCfg = Release|Win32
		{9761A6BD-CEAB-4986-B876-9D9496F4A9B7}.Release|Win32.Build.0 = Release|Win32
		{54C4AFD4-8D42-4540-8118-C0DAB6ED3292}.Debug|Win32.ActiveCfg = Debug|Win32
		{54C4AFD4-8D42-4540-8118-C0DAB6ED3292}.Debug|Win32.Build.0 = Debug|Win32
		{54C4AFD4-8D42-4540-8118-C0DAB6ED3292}.Release|Win32.ActiveCfg = Release|Win32
		{54C4AFD4-8D42-4540-8118-C0DAB6ED3292}.Release|Win32.Build.0 = Release|Win32
		{38786B59-BCB2-464F-BEB5-57DE9F582103}.Debug|Win32.ActiveCfg = Debug|Win32
		{38786B59-BCB2-464F-BEB5-57DE9F582103}.Debug|Win32.Build.0 = Debug|Win32
		{38786B59-BCB2-464F-BEB5-57DE9F582103}.Release|Win32.ActiveCfg = Release|Win32
		{6FB41195-D32A-487E-935D-BB245B3423B0}.Debug|Win32.ActiveCfg = Debug|Win32
		{6FB41195-D32A-487E-935D-BB245B3423B0}.Debug|Win32.Build.0 = Debug|Win32
		{6FB41195-D32A-487E-935D-BB245B3423B0}.Release|Win32.ActiveCfg = Release|Win32
		{6FB41195-D32A-487E-935D-BB245B3423B0}.Release|Win32.Build.0 = Release|Win32
		{351B8C65-C5E7-4B3E-8F2D-F5513A358BBA}.Debug|Win32.ActiveCfg = Debug|Win32
		{351B8C65-C5E7-4B3E-8F2D-F5513A358BBA}.Debug|Win32.Build.0 = Debug|Win32
		{351B8C65-C5E7-4B3E-8F2D-F5513A358BBA}.Release|Win32.ActiveCfg = Release|Win32
		{351B8C65-C5E7-4B3E-8F2D-F5513A358BBA}.Release|Win32.Build.0 = Release|Win32
		{890F94D7-FC1E-47A4-BB71-F51E534BFF8A}.Debug|Win32.ActiveCfg = Debug|Win32
		{890F94D7-FC1E-47A4-BB71-F51E534BFF8A}.Debug|Win32.Build.0 = Debug|Win32
		{890F94D7-FC1E-47A4-BB71-F51E534BFF8A}.Release|Win32.ActiveCfg = Release|Win32
		{890F94D7-FC1E-47A4-BB71-F51E534BFF8A}.Release|Win32.Build.0 = Release|Win32
	EndGlobalSection
	GlobalSection(SolutionProperties) = preSolution
		HideSolutionNode = FALSE
	EndGlobalSection
	GlobalSection(NestedProjects) = preSolution
		{AE50D11C-6E80-40B8-BFFF-29B9E5CE859E} = {96475BBE-3182-421D-B7F4-8FDD17E5C659}
		{A00EF129-15FD-4C07-B3FB-A0EF883EB111} = {AE50D11C-6E80-40B8-BFFF-29B9E5CE859E}
		{4F21B54A-1147-4763-8CF2-855A057FCA4F} = {AE50D11C-6E80-40B8-BFFF-29B9E5CE859E}
		{A3759743-40AA-45DA-9602-DBAE0A1EB290} = {A00EF129-15FD-4C07-B3FB-A0EF883EB111}
		{99404866-94CF-461A-AA8C-69C6CA89E4E1} = {AE50D11C-6E80-40B8-BFFF-29B9E5CE859E}
		{ECC9A58E-A553-4060-AC1C-F3091BDA6EC9} = {99404866-94CF-461A-AA8C-69C6CA89E4E1}
		{D8945808-F124-434B-B240-B957B900100B} = {AE50D11C-6E80-40B8-BFFF-29B9E5CE859E}
		{E6AEACDF-B06F-417E-AE92-2093C601B57E} = {AE50D11C-6E80-40B8-BFFF-29B9E5CE859E}
		{B0861DBD-80C8-44AA-A224-AC18A04FE3CF} = {AE50D11C-6E80-40B8-BFFF-29B9E5CE859E}
		{C07ABB51-D642-4C23-865F-C376A5AFFB3D} = {D8945808-F124-434B-B240-B957B900100B}
		{420F1C4D-4B27-480F-A9DD-72861A09A782} = {E6AEACDF-B06F-417E-AE92-2093C601B57E}
		{EE854C6B-4290-4362-8C66-CB558BB86C82} = {ECC9A58E-A553-4060-AC1C-F3091BDA6EC9}
		{1ED1329E-E5DE-41D6-9D6B-D1F07F50016B} = {A3759743-40AA-45DA-9602-DBAE0A1EB290}
		{B352BE24-F18B-43D9-944B-F957F35095A6} = {E75340C5-C4A5-4AB3-B1B6-EF1EBFFF5D46}
		{E75340C5-C4A5-4AB3-B1B6-EF1EBFFF5D46} = {B0861DBD-80C8-44AA-A224-AC18A04FE3CF}
		{4E248A4B-501F-4663-BC23-303C1F9DBC56} = {420F1C4D-4B27-480F-A9DD-72861A09A782}
		{9EDB6A2C-35E2-488E-A32E-375D07F07FBD} = {4F21B54A-1147-4763-8CF2-855A057FCA4F}
		{E2BCB5D6-C9BA-4F7E-9C06-E6059046FCE8} = {C07ABB51-D642-4C23-865F-C376A5AFFB3D}
		{1E0C8277-1578-4B8D-AD03-E94002C59E58} = {A00EF129-15FD-4C07-B3FB-A0EF883EB111}
		{585C9C80-A8DA-46AB-A8DF-B84D72372FEA} = {A00EF129-15FD-4C07-B3FB-A0EF883EB111}
		{9761A6BD-CEAB-4986-B876-9D9496F4A9B7} = {1E0C8277-1578-4B8D-AD03-E94002C59E58}
		{54C4AFD4-8D42-4540-8118-C0DAB6ED3292} = {585C9C80-A8DA-46AB-A8DF-B84D72372FEA}
		{600D0A07-2E75-42AF-8695-6531BB6A3957} = {99404866-94CF-461A-AA8C-69C6CA89E4E1}
		{5C32FF13-ED51-4D42-8207-1361DA852DDC} = {99404866-94CF-461A-AA8C-69C6CA89E4E1}
		{38786B59-BCB2-464F-BEB5-57DE9F582103} = {600D0A07-2E75-42AF-8695-6531BB6A3957}
		{86C63BA9-E15B-4E8D-82F1-526C9152B28F} = {1B118262-446D-4DB8-9292-69B32061C477}
		{7F67EE75-D0EF-4946-A99B-93E540BEE8B6} = {86C63BA9-E15B-4E8D-82F1-526C9152B28F}
		{BCA17F46-CD66-4E7F-B934-B23F40375D19} = {86C63BA9-E15B-4E8D-82F1-526C9152B28F}
		{DD0F521C-1B81-48B6-8AF7-C17A1B6AC7AB} = {86C63BA9-E15B-4E8D-82F1-526C9152B28F}
		{9F61ED17-52A7-4E21-988A-6015F94A3D33} = {BCA17F46-CD66-4E7F-B934-B23F40375D19}
		{A80CEF0D-8163-4993-B37E-BA5F59498A52} = {BCA17F46-CD66-4E7F-B934-B23F40375D19}
		{090EA6F2-C7E8-4DAC-A1B2-2C503D285CC9} = {BCA17F46-CD66-4E7F-B934-B23F40375D19}
		{9507EA9C-EC5F-49A8-A4A6-BC8A28835E64} = {DD0F521C-1B81-48B6-8AF7-C17A1B6AC7AB}
		{98023192-281A-4622-9BC9-6D0C3C452D63} = {DD0F521C-1B81-48B6-8AF7-C17A1B6AC7AB}
		{AFF910A0-8BE3-4C9B-97D0-134B76733552} = {DD0F521C-1B81-48B6-8AF7-C17A1B6AC7AB}
		{6FB41195-D32A-487E-935D-BB245B3423B0} = {9F61ED17-52A7-4E21-988A-6015F94A3D33}
		{351B8C65-C5E7-4B3E-8F2D-F5513A358BBA} = {7F67EE75-D0EF-4946-A99B-93E540BEE8B6}
		{890F94D7-FC1E-47A4-BB71-F51E534BFF8A} = {9507EA9C-EC5F-49A8-A4A6-BC8A28835E64}
		{B8194882-AD56-46F7-BF37-0AD1DA128371} = {86C63BA9-E15B-4E8D-82F1-526C9152B28F}
		{21B7F9BD-F8E8-419F-BA7A-782029666BB6} = {86C63BA9-E15B-4E8D-82F1-526C9152B28F}
		{AF06BD36-13E5-45DF-ADBF-977D89C5936D} = {21B7F9BD-F8E8-419F-BA7A-782029666BB6}
	EndGlobalSection
EndGlobal
